// !$*UTF8*$!
{
	archiveVersion = 1;
	classes = {
	};
	objectVersion = 50;
	objects = {

/* Begin PBXBuildFile section */
		4F70272125F69F05001002F6 /* UIButton+ibinspectable.swift.swift in Sources */ = {isa = PBXBuildFile; fileRef = 4F70272025F69F05001002F6 /* UIButton+ibinspectable.swift.swift */; };
		4F70272425F6A2CB001002F6 /* MyTextField.swift in Sources */ = {isa = PBXBuildFile; fileRef = 4F70272325F6A2CB001002F6 /* MyTextField.swift */; };
		4F70272A25F84051001002F6 /* CreateAccountViewController.swift in Sources */ = {isa = PBXBuildFile; fileRef = 4F70272925F84051001002F6 /* CreateAccountViewController.swift */; };
		4FB9790225FFB006007B2F3F /* CalendarViewController.swift in Sources */ = {isa = PBXBuildFile; fileRef = 4FB9790125FFB006007B2F3F /* CalendarViewController.swift */; };
		4FB9790525FFB013007B2F3F /* ScheduleViewController.swift in Sources */ = {isa = PBXBuildFile; fileRef = 4FB9790425FFB013007B2F3F /* ScheduleViewController.swift */; };
		4FB9790825FFB020007B2F3F /* AccountViewController.swift in Sources */ = {isa = PBXBuildFile; fileRef = 4FB9790725FFB020007B2F3F /* AccountViewController.swift */; };
		4FB9790F26001B59007B2F3F /* UITextView+ibinspectable.swift in Sources */ = {isa = PBXBuildFile; fileRef = 4FB9790E26001B59007B2F3F /* UITextView+ibinspectable.swift */; };
		4FDFAA9D25E399A2007AD04B /* AppDelegate.swift in Sources */ = {isa = PBXBuildFile; fileRef = 4FDFAA9C25E399A2007AD04B /* AppDelegate.swift */; };
		4FDFAA9F25E399A2007AD04B /* SceneDelegate.swift in Sources */ = {isa = PBXBuildFile; fileRef = 4FDFAA9E25E399A2007AD04B /* SceneDelegate.swift */; };
		4FDFAAA125E399A2007AD04B /* ViewController.swift in Sources */ = {isa = PBXBuildFile; fileRef = 4FDFAAA025E399A2007AD04B /* ViewController.swift */; };
		4FDFAAA425E399A2007AD04B /* Main.storyboard in Resources */ = {isa = PBXBuildFile; fileRef = 4FDFAAA225E399A2007AD04B /* Main.storyboard */; };
		4FDFAAA625E399A5007AD04B /* Assets.xcassets in Resources */ = {isa = PBXBuildFile; fileRef = 4FDFAAA525E399A5007AD04B /* Assets.xcassets */; };
		4FDFAAA925E399A5007AD04B /* LaunchScreen.storyboard in Resources */ = {isa = PBXBuildFile; fileRef = 4FDFAAA725E399A5007AD04B /* LaunchScreen.storyboard */; };
		4FDFAAD625E52880007AD04B /* LoginViewController.swift in Sources */ = {isa = PBXBuildFile; fileRef = 4FDFAAD525E5287F007AD04B /* LoginViewController.swift */; };
		4FDFAADA25E8DBBF007AD04B /* UIView+ibinspectable.swift in Sources */ = {isa = PBXBuildFile; fileRef = 4FDFAAD925E8DBBF007AD04B /* UIView+ibinspectable.swift */; };
		89E3486E1266FE623C299DF4 /* Pods_KrononIosNakane.framework in Frameworks */ = {isa = PBXBuildFile; fileRef = 0966005821A1371462C2AA89 /* Pods_KrononIosNakane.framework */; };
/* End PBXBuildFile section */

/* Begin PBXFileReference section */
		0966005821A1371462C2AA89 /* Pods_KrononIosNakane.framework */ = {isa = PBXFileReference; explicitFileType = wrapper.framework; includeInIndex = 0; path = Pods_KrononIosNakane.framework; sourceTree = BUILT_PRODUCTS_DIR; };
		391596FB2882EE78C7EA57DA /* Pods-KrononIosNakane.debug.xcconfig */ = {isa = PBXFileReference; includeInIndex = 1; lastKnownFileType = text.xcconfig; name = "Pods-KrononIosNakane.debug.xcconfig"; path = "Target Support Files/Pods-KrononIosNakane/Pods-KrononIosNakane.debug.xcconfig"; sourceTree = "<group>"; };
		4F70272025F69F05001002F6 /* UIButton+ibinspectable.swift.swift */ = {isa = PBXFileReference; lastKnownFileType = sourcecode.swift; path = "UIButton+ibinspectable.swift.swift"; sourceTree = "<group>"; };
		4F70272325F6A2CB001002F6 /* MyTextField.swift */ = {isa = PBXFileReference; lastKnownFileType = sourcecode.swift; path = MyTextField.swift; sourceTree = "<group>"; };
		4F70272925F84051001002F6 /* CreateAccountViewController.swift */ = {isa = PBXFileReference; lastKnownFileType = sourcecode.swift; path = CreateAccountViewController.swift; sourceTree = "<group>"; };
		4FB9790125FFB006007B2F3F /* CalendarViewController.swift */ = {isa = PBXFileReference; lastKnownFileType = sourcecode.swift; path = CalendarViewController.swift; sourceTree = "<group>"; };
		4FB9790425FFB013007B2F3F /* ScheduleViewController.swift */ = {isa = PBXFileReference; lastKnownFileType = sourcecode.swift; path = ScheduleViewController.swift; sourceTree = "<group>"; };
		4FB9790725FFB020007B2F3F /* AccountViewController.swift */ = {isa = PBXFileReference; lastKnownFileType = sourcecode.swift; path = AccountViewController.swift; sourceTree = "<group>"; };
		4FB9790E26001B59007B2F3F /* UITextView+ibinspectable.swift */ = {isa = PBXFileReference; lastKnownFileType = sourcecode.swift; path = "UITextView+ibinspectable.swift"; sourceTree = "<group>"; };
		4FDFAA9925E399A2007AD04B /* KrononIosNakane.app */ = {isa = PBXFileReference; explicitFileType = wrapper.application; includeInIndex = 0; path = KrononIosNakane.app; sourceTree = BUILT_PRODUCTS_DIR; };
		4FDFAA9C25E399A2007AD04B /* AppDelegate.swift */ = {isa = PBXFileReference; lastKnownFileType = sourcecode.swift; path = AppDelegate.swift; sourceTree = "<group>"; };
		4FDFAA9E25E399A2007AD04B /* SceneDelegate.swift */ = {isa = PBXFileReference; lastKnownFileType = sourcecode.swift; path = SceneDelegate.swift; sourceTree = "<group>"; };
		4FDFAAA025E399A2007AD04B /* ViewController.swift */ = {isa = PBXFileReference; lastKnownFileType = sourcecode.swift; path = ViewController.swift; sourceTree = "<group>"; };
		4FDFAAA325E399A2007AD04B /* Base */ = {isa = PBXFileReference; lastKnownFileType = file.storyboard; name = Base; path = Base.lproj/Main.storyboard; sourceTree = "<group>"; };
		4FDFAAA525E399A5007AD04B /* Assets.xcassets */ = {isa = PBXFileReference; lastKnownFileType = folder.assetcatalog; path = Assets.xcassets; sourceTree = "<group>"; };
		4FDFAAA825E399A5007AD04B /* Base */ = {isa = PBXFileReference; lastKnownFileType = file.storyboard; name = Base; path = Base.lproj/LaunchScreen.storyboard; sourceTree = "<group>"; };
		4FDFAAAA25E399A5007AD04B /* Info.plist */ = {isa = PBXFileReference; lastKnownFileType = text.plist.xml; path = Info.plist; sourceTree = "<group>"; };
		4FDFAAD525E5287F007AD04B /* LoginViewController.swift */ = {isa = PBXFileReference; lastKnownFileType = sourcecode.swift; path = LoginViewController.swift; sourceTree = "<group>"; };
		4FDFAAD925E8DBBF007AD04B /* UIView+ibinspectable.swift */ = {isa = PBXFileReference; lastKnownFileType = sourcecode.swift; path = "UIView+ibinspectable.swift"; sourceTree = "<group>"; };
		CDD494344148EB689C549E77 /* Pods-KrononIosNakane.release.xcconfig */ = {isa = PBXFileReference; includeInIndex = 1; lastKnownFileType = text.xcconfig; name = "Pods-KrononIosNakane.release.xcconfig"; path = "Target Support Files/Pods-KrononIosNakane/Pods-KrononIosNakane.release.xcconfig"; sourceTree = "<group>"; };
/* End PBXFileReference section */

/* Begin PBXFrameworksBuildPhase section */
		4FDFAA9625E399A2007AD04B /* Frameworks */ = {
			isa = PBXFrameworksBuildPhase;
			buildActionMask = 2147483647;
			files = (
				89E3486E1266FE623C299DF4 /* Pods_KrononIosNakane.framework in Frameworks */,
			);
			runOnlyForDeploymentPostprocessing = 0;
		};
/* End PBXFrameworksBuildPhase section */

/* Begin PBXGroup section */
		2092D0F95348674F8F90478F /* Frameworks */ = {
			isa = PBXGroup;
			children = (
				0966005821A1371462C2AA89 /* Pods_KrononIosNakane.framework */,
			);
			name = Frameworks;
			sourceTree = "<group>";
		};
		4FDFAA9025E399A2007AD04B = {
			isa = PBXGroup;
			children = (
				4FDFAA9B25E399A2007AD04B /* KrononIosNakane */,
				4FDFAA9A25E399A2007AD04B /* Products */,
				F9DE76DB6D478FA878299090 /* Pods */,
				2092D0F95348674F8F90478F /* Frameworks */,
			);
			sourceTree = "<group>";
		};
		4FDFAA9A25E399A2007AD04B /* Products */ = {
			isa = PBXGroup;
			children = (
				4FDFAA9925E399A2007AD04B /* KrononIosNakane.app */,
			);
			name = Products;
			sourceTree = "<group>";
		};
		4FDFAA9B25E399A2007AD04B /* KrononIosNakane */ = {
			isa = PBXGroup;
			children = (
				4FDFAA9C25E399A2007AD04B /* AppDelegate.swift */,
				4FDFAA9E25E399A2007AD04B /* SceneDelegate.swift */,
				4FDFAAA025E399A2007AD04B /* ViewController.swift */,
				4FDFAAA225E399A2007AD04B /* Main.storyboard */,
				4FB9790125FFB006007B2F3F /* CalendarViewController.swift */,
				4FB9790425FFB013007B2F3F /* ScheduleViewController.swift */,
				4FB9790725FFB020007B2F3F /* AccountViewController.swift */,
				4FDFAAD925E8DBBF007AD04B /* UIView+ibinspectable.swift */,
				4FB9790E26001B59007B2F3F /* UITextView+ibinspectable.swift */,
				4F70272025F69F05001002F6 /* UIButton+ibinspectable.swift.swift */,
				4FDFAAD525E5287F007AD04B /* LoginViewController.swift */,
				4F70272925F84051001002F6 /* CreateAccountViewController.swift */,
				4F70272325F6A2CB001002F6 /* MyTextField.swift */,
				4FDFAAA525E399A5007AD04B /* Assets.xcassets */,
				4FDFAAA725E399A5007AD04B /* LaunchScreen.storyboard */,
				4FDFAAAA25E399A5007AD04B /* Info.plist */,
			);
			path = KrononIosNakane;
			sourceTree = "<group>";
		};
		F9DE76DB6D478FA878299090 /* Pods */ = {
			isa = PBXGroup;
			children = (
				391596FB2882EE78C7EA57DA /* Pods-KrononIosNakane.debug.xcconfig */,
				CDD494344148EB689C549E77 /* Pods-KrononIosNakane.release.xcconfig */,
			);
			name = Pods;
			path = Pods;
			sourceTree = "<group>";
		};
/* End PBXGroup section */

/* Begin PBXNativeTarget section */
		4FDFAA9825E399A2007AD04B /* KrononIosNakane */ = {
			isa = PBXNativeTarget;
			buildConfigurationList = 4FDFAAAD25E399A5007AD04B /* Build configuration list for PBXNativeTarget "KrononIosNakane" */;
			buildPhases = (
				36CC253DE1268CB278122463 /* [CP] Check Pods Manifest.lock */,
				4FDFAA9525E399A2007AD04B /* Sources */,
				4FDFAA9625E399A2007AD04B /* Frameworks */,
				4FDFAA9725E399A2007AD04B /* Resources */,
				B30FA307D6AF4E56A5C532C2 /* [CP] Embed Pods Frameworks */,
			);
			buildRules = (
			);
			dependencies = (
			);
			name = KrononIosNakane;
			productName = KrononIosNakane;
			productReference = 4FDFAA9925E399A2007AD04B /* KrononIosNakane.app */;
			productType = "com.apple.product-type.application";
		};
/* End PBXNativeTarget section */

/* Begin PBXProject section */
		4FDFAA9125E399A2007AD04B /* Project object */ = {
			isa = PBXProject;
			attributes = {
				LastSwiftUpdateCheck = 1240;
				LastUpgradeCheck = 1240;
				TargetAttributes = {
					4FDFAA9825E399A2007AD04B = {
						CreatedOnToolsVersion = 12.4;
					};
				};
			};
			buildConfigurationList = 4FDFAA9425E399A2007AD04B /* Build configuration list for PBXProject "KrononIosNakane" */;
			compatibilityVersion = "Xcode 9.3";
			developmentRegion = en;
			hasScannedForEncodings = 0;
			knownRegions = (
				en,
				Base,
			);
			mainGroup = 4FDFAA9025E399A2007AD04B;
			productRefGroup = 4FDFAA9A25E399A2007AD04B /* Products */;
			projectDirPath = "";
			projectRoot = "";
			targets = (
				4FDFAA9825E399A2007AD04B /* KrononIosNakane */,
			);
		};
/* End PBXProject section */

/* Begin PBXResourcesBuildPhase section */
		4FDFAA9725E399A2007AD04B /* Resources */ = {
			isa = PBXResourcesBuildPhase;
			buildActionMask = 2147483647;
			files = (
				4FDFAAA925E399A5007AD04B /* LaunchScreen.storyboard in Resources */,
				4FDFAAA625E399A5007AD04B /* Assets.xcassets in Resources */,
				4FDFAAA425E399A2007AD04B /* Main.storyboard in Resources */,
			);
			runOnlyForDeploymentPostprocessing = 0;
		};
/* End PBXResourcesBuildPhase section */

/* Begin PBXShellScriptBuildPhase section */
		36CC253DE1268CB278122463 /* [CP] Check Pods Manifest.lock */ = {
			isa = PBXShellScriptBuildPhase;
			buildActionMask = 2147483647;
			files = (
			);
			inputFileListPaths = (
			);
			inputPaths = (
				"${PODS_PODFILE_DIR_PATH}/Podfile.lock",
				"${PODS_ROOT}/Manifest.lock",
			);
			name = "[CP] Check Pods Manifest.lock";
			outputFileListPaths = (
			);
			outputPaths = (
				"$(DERIVED_FILE_DIR)/Pods-KrononIosNakane-checkManifestLockResult.txt",
			);
			runOnlyForDeploymentPostprocessing = 0;
			shellPath = /bin/sh;
			shellScript = "diff \"${PODS_PODFILE_DIR_PATH}/Podfile.lock\" \"${PODS_ROOT}/Manifest.lock\" > /dev/null\nif [ $? != 0 ] ; then\n    # print error to STDERR\n    echo \"error: The sandbox is not in sync with the Podfile.lock. Run 'pod install' or update your CocoaPods installation.\" >&2\n    exit 1\nfi\n# This output is used by Xcode 'outputs' to avoid re-running this script phase.\necho \"SUCCESS\" > \"${SCRIPT_OUTPUT_FILE_0}\"\n";
			showEnvVarsInLog = 0;
		};
		B30FA307D6AF4E56A5C532C2 /* [CP] Embed Pods Frameworks */ = {
			isa = PBXShellScriptBuildPhase;
			buildActionMask = 2147483647;
			files = (
			);
			inputFileListPaths = (
				"${PODS_ROOT}/Target Support Files/Pods-KrononIosNakane/Pods-KrononIosNakane-frameworks-${CONFIGURATION}-input-files.xcfilelist",
			);
			name = "[CP] Embed Pods Frameworks";
			outputFileListPaths = (
				"${PODS_ROOT}/Target Support Files/Pods-KrononIosNakane/Pods-KrononIosNakane-frameworks-${CONFIGURATION}-output-files.xcfilelist",
			);
			runOnlyForDeploymentPostprocessing = 0;
			shellPath = /bin/sh;
			shellScript = "\"${PODS_ROOT}/Target Support Files/Pods-KrononIosNakane/Pods-KrononIosNakane-frameworks.sh\"\n";
			showEnvVarsInLog = 0;
		};
/* End PBXShellScriptBuildPhase section */

/* Begin PBXSourcesBuildPhase section */
		4FDFAA9525E399A2007AD04B /* Sources */ = {
			isa = PBXSourcesBuildPhase;
			buildActionMask = 2147483647;
			files = (
				4FDFAAD625E52880007AD04B /* LoginViewController.swift in Sources */,
				4FDFAAA125E399A2007AD04B /* ViewController.swift in Sources */,
				4F70272125F69F05001002F6 /* UIButton+ibinspectable.swift.swift in Sources */,
				4F70272425F6A2CB001002F6 /* MyTextField.swift in Sources */,
				4F70272A25F84051001002F6 /* CreateAccountViewController.swift in Sources */,
				4FB9790525FFB013007B2F3F /* ScheduleViewController.swift in Sources */,
				4FDFAA9D25E399A2007AD04B /* AppDelegate.swift in Sources */,
				4FB9790225FFB006007B2F3F /* CalendarViewController.swift in Sources */,
				4FDFAADA25E8DBBF007AD04B /* UIView+ibinspectable.swift in Sources */,
				4FDFAA9F25E399A2007AD04B /* SceneDelegate.swift in Sources */,
				4FB9790825FFB020007B2F3F /* AccountViewController.swift in Sources */,
				4FB9790F26001B59007B2F3F /* UITextView+ibinspectable.swift in Sources */,
			);
			runOnlyForDeploymentPostprocessing = 0;
		};
/* End PBXSourcesBuildPhase section */

/* Begin PBXVariantGroup section */
		4FDFAAA225E399A2007AD04B /* Main.storyboard */ = {
			isa = PBXVariantGroup;
			children = (
				4FDFAAA325E399A2007AD04B /* Base */,
			);
			name = Main.storyboard;
			sourceTree = "<group>";
		};
		4FDFAAA725E399A5007AD04B /* LaunchScreen.storyboard */ = {
			isa = PBXVariantGroup;
			children = (
				4FDFAAA825E399A5007AD04B /* Base */,
			);
			name = LaunchScreen.storyboard;
			sourceTree = "<group>";
		};
/* End PBXVariantGroup section */

/* Begin XCBuildConfiguration section */
		4FDFAAAB25E399A5007AD04B /* Debug */ = {
			isa = XCBuildConfiguration;
			buildSettings = {
				ALWAYS_SEARCH_USER_PATHS = NO;
				CLANG_ANALYZER_NONNULL = YES;
				CLANG_ANALYZER_NUMBER_OBJECT_CONVERSION = YES_AGGRESSIVE;
				CLANG_CXX_LANGUAGE_STANDARD = "gnu++14";
				CLANG_CXX_LIBRARY = "libc++";
				CLANG_ENABLE_MODULES = YES;
				CLANG_ENABLE_OBJC_ARC = YES;
				CLANG_ENABLE_OBJC_WEAK = YES;
				CLANG_WARN_BLOCK_CAPTURE_AUTORELEASING = YES;
				CLANG_WARN_BOOL_CONVERSION = YES;
				CLANG_WARN_COMMA = YES;
				CLANG_WARN_CONSTANT_CONVERSION = YES;
				CLANG_WARN_DEPRECATED_OBJC_IMPLEMENTATIONS = YES;
				CLANG_WARN_DIRECT_OBJC_ISA_USAGE = YES_ERROR;
				CLANG_WARN_DOCUMENTATION_COMMENTS = YES;
				CLANG_WARN_EMPTY_BODY = YES;
				CLANG_WARN_ENUM_CONVERSION = YES;
				CLANG_WARN_INFINITE_RECURSION = YES;
				CLANG_WARN_INT_CONVERSION = YES;
				CLANG_WARN_NON_LITERAL_NULL_CONVERSION = YES;
				CLANG_WARN_OBJC_IMPLICIT_RETAIN_SELF = YES;
				CLANG_WARN_OBJC_LITERAL_CONVERSION = YES;
				CLANG_WARN_OBJC_ROOT_CLASS = YES_ERROR;
				CLANG_WARN_QUOTED_INCLUDE_IN_FRAMEWORK_HEADER = YES;
				CLANG_WARN_RANGE_LOOP_ANALYSIS = YES;
				CLANG_WARN_STRICT_PROTOTYPES = YES;
				CLANG_WARN_SUSPICIOUS_MOVE = YES;
				CLANG_WARN_UNGUARDED_AVAILABILITY = YES_AGGRESSIVE;
				CLANG_WARN_UNREACHABLE_CODE = YES;
				CLANG_WARN__DUPLICATE_METHOD_MATCH = YES;
				COPY_PHASE_STRIP = NO;
				DEBUG_INFORMATION_FORMAT = dwarf;
				ENABLE_STRICT_OBJC_MSGSEND = YES;
				ENABLE_TESTABILITY = YES;
				GCC_C_LANGUAGE_STANDARD = gnu11;
				GCC_DYNAMIC_NO_PIC = NO;
				GCC_NO_COMMON_BLOCKS = YES;
				GCC_OPTIMIZATION_LEVEL = 0;
				GCC_PREPROCESSOR_DEFINITIONS = (
					"DEBUG=1",
					"$(inherited)",
				);
				GCC_WARN_64_TO_32_BIT_CONVERSION = YES;
				GCC_WARN_ABOUT_RETURN_TYPE = YES_ERROR;
				GCC_WARN_UNDECLARED_SELECTOR = YES;
				GCC_WARN_UNINITIALIZED_AUTOS = YES_AGGRESSIVE;
				GCC_WARN_UNUSED_FUNCTION = YES;
				GCC_WARN_UNUSED_VARIABLE = YES;
				IPHONEOS_DEPLOYMENT_TARGET = 14.4;
				MTL_ENABLE_DEBUG_INFO = INCLUDE_SOURCE;
				MTL_FAST_MATH = YES;
				ONLY_ACTIVE_ARCH = YES;
				SDKROOT = iphoneos;
				SWIFT_ACTIVE_COMPILATION_CONDITIONS = DEBUG;
				SWIFT_OPTIMIZATION_LEVEL = "-Onone";
			};
			name = Debug;
		};
		4FDFAAAC25E399A5007AD04B /* Release */ = {
			isa = XCBuildConfiguration;
			buildSettings = {
				ALWAYS_SEARCH_USER_PATHS = NO;
				CLANG_ANALYZER_NONNULL = YES;
				CLANG_ANALYZER_NUMBER_OBJECT_CONVERSION = YES_AGGRESSIVE;
				CLANG_CXX_LANGUAGE_STANDARD = "gnu++14";
				CLANG_CXX_LIBRARY = "libc++";
				CLANG_ENABLE_MODULES = YES;
				CLANG_ENABLE_OBJC_ARC = YES;
				CLANG_ENABLE_OBJC_WEAK = YES;
				CLANG_WARN_BLOCK_CAPTURE_AUTORELEASING = YES;
				CLANG_WARN_BOOL_CONVERSION = YES;
				CLANG_WARN_COMMA = YES;
				CLANG_WARN_CONSTANT_CONVERSION = YES;
				CLANG_WARN_DEPRECATED_OBJC_IMPLEMENTATIONS = YES;
				CLANG_WARN_DIRECT_OBJC_ISA_USAGE = YES_ERROR;
				CLANG_WARN_DOCUMENTATION_COMMENTS = YES;
				CLANG_WARN_EMPTY_BODY = YES;
				CLANG_WARN_ENUM_CONVERSION = YES;
				CLANG_WARN_INFINITE_RECURSION = YES;
				CLANG_WARN_INT_CONVERSION = YES;
				CLANG_WARN_NON_LITERAL_NULL_CONVERSION = YES;
				CLANG_WARN_OBJC_IMPLICIT_RETAIN_SELF = YES;
				CLANG_WARN_OBJC_LITERAL_CONVERSION = YES;
				CLANG_WARN_OBJC_ROOT_CLASS = YES_ERROR;
				CLANG_WARN_QUOTED_INCLUDE_IN_FRAMEWORK_HEADER = YES;
				CLANG_WARN_RANGE_LOOP_ANALYSIS = YES;
				CLANG_WARN_STRICT_PROTOTYPES = YES;
				CLANG_WARN_SUSPICIOUS_MOVE = YES;
				CLANG_WARN_UNGUARDED_AVAILABILITY = YES_AGGRESSIVE;
				CLANG_WARN_UNREACHABLE_CODE = YES;
				CLANG_WARN__DUPLICATE_METHOD_MATCH = YES;
				COPY_PHASE_STRIP = NO;
				DEBUG_INFORMATION_FORMAT = "dwarf-with-dsym";
				ENABLE_NS_ASSERTIONS = NO;
				ENABLE_STRICT_OBJC_MSGSEND = YES;
				GCC_C_LANGUAGE_STANDARD = gnu11;
				GCC_NO_COMMON_BLOCKS = YES;
				GCC_WARN_64_TO_32_BIT_CONVERSION = YES;
				GCC_WARN_ABOUT_RETURN_TYPE = YES_ERROR;
				GCC_WARN_UNDECLARED_SELECTOR = YES;
				GCC_WARN_UNINITIALIZED_AUTOS = YES_AGGRESSIVE;
				GCC_WARN_UNUSED_FUNCTION = YES;
				GCC_WARN_UNUSED_VARIABLE = YES;
				IPHONEOS_DEPLOYMENT_TARGET = 14.4;
				MTL_ENABLE_DEBUG_INFO = NO;
				MTL_FAST_MATH = YES;
				SDKROOT = iphoneos;
				SWIFT_COMPILATION_MODE = wholemodule;
				SWIFT_OPTIMIZATION_LEVEL = "-O";
				VALIDATE_PRODUCT = YES;
			};
			name = Release;
		};
		4FDFAAAE25E399A5007AD04B /* Debug */ = {
			isa = XCBuildConfiguration;
			baseConfigurationReference = 391596FB2882EE78C7EA57DA /* Pods-KrononIosNakane.debug.xcconfig */;
			buildSettings = {
				ASSETCATALOG_COMPILER_APPICON_NAME = AppIcon;
				ASSETCATALOG_COMPILER_GLOBAL_ACCENT_COLOR_NAME = AccentColor;
				CODE_SIGN_STYLE = Automatic;
				DEVELOPMENT_TEAM = 45J4FU95H7;
				INFOPLIST_FILE = KrononIosNakane/Info.plist;
				LD_RUNPATH_SEARCH_PATHS = (
					"$(inherited)",
					"@executable_path/Frameworks",
				);
				PRODUCT_BUNDLE_IDENTIFIER = jp.co.benesse.test.KrononIosNakane;
				PRODUCT_NAME = "$(TARGET_NAME)";
				SWIFT_VERSION = 5.0;
				TARGETED_DEVICE_FAMILY = "1,2";
			};
			name = Debug;
		};
		4FDFAAAF25E399A5007AD04B /* Release */ = {
			isa = XCBuildConfiguration;
			baseConfigurationReference = CDD494344148EB689C549E77 /* Pods-KrononIosNakane.release.xcconfig */;
			buildSettings = {
				ASSETCATALOG_COMPILER_APPICON_NAME = AppIcon;
				ASSETCATALOG_COMPILER_GLOBAL_ACCENT_COLOR_NAME = AccentColor;
				CODE_SIGN_STYLE = Automatic;
				DEVELOPMENT_TEAM = 45J4FU95H7;
				INFOPLIST_FILE = KrononIosNakane/Info.plist;
				LD_RUNPATH_SEARCH_PATHS = (
					"$(inherited)",
					"@executable_path/Frameworks",
				);
				PRODUCT_BUNDLE_IDENTIFIER = jp.co.benesse.test.KrononIosNakane;
				PRODUCT_NAME = "$(TARGET_NAME)";
				SWIFT_VERSION = 5.0;
				TARGETED_DEVICE_FAMILY = "1,2";
			};
			name = Release;
		};
/* End XCBuildConfiguration section */

/* Begin XCConfigurationList section */
		4FDFAA9425E399A2007AD04B /* Build configuration list for PBXProject "KrononIosNakane" */ = {
			isa = XCConfigurationList;
			buildConfigurations = (
				4FDFAAAB25E399A5007AD04B /* Debug */,
				4FDFAAAC25E399A5007AD04B /* Release */,
			);
			defaultConfigurationIsVisible = 0;
			defaultConfigurationName = Release;
		};
		4FDFAAAD25E399A5007AD04B /* Build configuration list for PBXNativeTarget "KrononIosNakane" */ = {
			isa = XCConfigurationList;
			buildConfigurations = (
				4FDFAAAE25E399A5007AD04B /* Debug */,
				4FDFAAAF25E399A5007AD04B /* Release */,
			);
			defaultConfigurationIsVisible = 0;
			defaultConfigurationName = Release;
		};
/* End XCConfigurationList section */
	};
	rootObject = 4FDFAA9125E399A2007AD04B /* Project object */;
}
